# This file is automatically @generated by Cargo.
# It is not intended for manual editing.
version = 3

[[package]]
name = "tests"
version = "0.1.0"
dependencies = [
 "toy_runtime",
 "toyc",
]

[[package]]
name = "toy_runtime"
version = "0.1.0"

[[package]]
name = "toyc"
version = "0.1.2"

[[package]]
name = "toylang"
version = "0.1.2"
dependencies = [
 "toy_runtime",
 "toyc",
]

[[package]]
name = "toyvm"
version = "0.1.2"
dependencies = [
 "toy_runtime",
]
